{
  "version": 4,
  "terraform_version": "0.12.24",
  "serial": 29,
  "lineage": "0b990758-6c95-3f43-a458-7846971ebd8b",
  "outputs": {},
  "resources": [
    {
      "mode": "managed",
      "type": "aws_instance",
      "name": "example",
      "provider": "provider.aws",
      "instances": [
        {
          "schema_version": 1,
          "attributes": {
            "ami": "ami-04590e7389a6e577c",
            "arn": "arn:aws:ec2:us-west-2:554090252010:instance/i-0177215c1e9bbeaae",
            "associate_public_ip_address": true,
            "availability_zone": "us-west-2a",
            "cpu_core_count": 1,
            "cpu_threads_per_core": 1,
            "credit_specification": [
              {
                "cpu_credits": "standard"
              }
            ],
            "disable_api_termination": false,
            "ebs_block_device": [],
            "ebs_optimized": false,
            "ephemeral_block_device": [],
            "get_password_data": false,
            "hibernation": false,
            "host_id": null,
            "iam_instance_profile": "",
            "id": "i-0177215c1e9bbeaae",
            "instance_initiated_shutdown_behavior": null,
            "instance_state": "running",
            "instance_type": "t2.micro",
            "ipv6_address_count": 0,
            "ipv6_addresses": [],
            "key_name": "terraform",
            "metadata_options": [
              {
                "http_endpoint": "enabled",
                "http_put_response_hop_limit": 1,
                "http_tokens": "optional"
              }
            ],
            "monitoring": false,
            "network_interface": [],
            "network_interface_id": null,
            "outpost_arn": "",
            "password_data": "",
            "placement_group": "",
            "primary_network_interface_id": "eni-08fe69ec746e487ee",
            "private_dns": "ip-172-31-30-39.us-west-2.compute.internal",
            "private_ip": "172.31.30.39",
            "public_dns": "ec2-54-244-204-210.us-west-2.compute.amazonaws.com",
            "public_ip": "54.244.204.210",
            "root_block_device": [
              {
                "delete_on_termination": true,
                "device_name": "/dev/xvda",
                "encrypted": false,
                "iops": 100,
                "kms_key_id": "",
                "volume_id": "vol-077abd7ff8a2d7500",
                "volume_size": 8,
                "volume_type": "gp2"
              }
            ],
            "security_groups": [
              "moogsg"
            ],
            "source_dest_check": true,
            "subnet_id": "subnet-3fec1247",
            "tags": null,
            "tenancy": "default",
            "timeouts": null,
            "user_data": null,
            "user_data_base64": null,
            "volume_tags": {},
            "vpc_security_group_ids": [
              "sg-01c94a4543befb59f"
            ]
          },
          "private": "eyJlMmJmYjczMC1lY2FhLTExZTYtOGY4OC0zNDM2M2JjN2M0YzAiOnsiY3JlYXRlIjo2MDAwMDAwMDAwMDAsImRlbGV0ZSI6MTIwMDAwMDAwMDAwMCwidXBkYXRlIjo2MDAwMDAwMDAwMDB9LCJzY2hlbWFfdmVyc2lvbiI6IjEifQ==",
          "dependencies": [
            "aws_key_pair.example",
            "aws_security_group.moogsg"
          ]
        }
      ]
    },
    {
      "mode": "managed",
      "type": "aws_key_pair",
      "name": "example",
      "provider": "provider.aws",
      "instances": [
        {
          "schema_version": 1,
          "attributes": {
            "fingerprint": "ec:1b:4a:0d:4a:3d:1d:2a:41:c0:e2:38:fc:99:b0:64",
            "id": "terraform",
            "key_name": "terraform",
            "key_name_prefix": null,
            "key_pair_id": "key-0d977831b72678563",
            "public_key": "ssh-rsa AAAAB3NzaC1yc2EAAAADAQABAAABgQDZC9j+OPWV2g/VKhtVK4zBU63fNeIYVVkVWLim3mnIuNxMGFK2v1p1Q3GWPXv0Y5HDBoGbGyTIfLJVwc4+E5vJqpUAd+yBLsXycOfGFxUiYsZyNG9Bg4hKEL+kpFlaYUl5P3+QxArfNTe83gti8+1R1VE25MVsGMkReGUEQGGFqiBoj6lsEl8x54zL/GLglpYZeFJoVZjHA5zpTxGKla9wI8tk2u6F21i+YI0qBDibOG+DdVJ5t2Hk6wv/DlOKwqu/5VSDqSgwpvDtnGK+Etmh2dCGJC1vQ911vxjnukyPq4J5QdmQR732N/tLMwpaOLAwlitFYmcFtwFNIeeS8cvjTC8PleqNitR0BXYaXXPMuOnuUVZ1wTTKFD2Tzf49kW8A19bdxkRw4GL69mV5tueWkLG2tesb/LoZfYT2NAExui66og7FGy5J+v0m8YL0RvEHebHlHkmem01DmGsLzbs2q6P212BGUjFrDtQ4OM3oJLEqNStxgNokRjQahJ10sHU= arpit.shah@M09-ArpitS.local",
            "tags": {}
          },
          "private": "eyJzY2hlbWFfdmVyc2lvbiI6IjEifQ=="
        }
      ]
    },
    {
      "mode": "managed",
      "type": "aws_security_group",
      "name": "moogsg",
      "provider": "provider.aws",
      "instances": [
        {
          "schema_version": 1,
          "attributes": {
            "arn": "arn:aws:ec2:us-west-2:554090252010:security-group/sg-01c94a4543befb59f",
            "description": "Managed by Terraform",
            "egress": [
              {
                "cidr_blocks": [
                  "0.0.0.0/0"
                ],
                "description": "",
                "from_port": 0,
                "ipv6_cidr_blocks": [],
                "prefix_list_ids": [],
                "protocol": "-1",
                "security_groups": [],
                "self": false,
                "to_port": 0
              }
            ],
            "id": "sg-01c94a4543befb59f",
            "ingress": [
              {
                "cidr_blocks": [
                  "0.0.0.0/0"
                ],
                "description": "",
                "from_port": 22,
                "ipv6_cidr_blocks": [],
                "prefix_list_ids": [],
                "protocol": "tcp",
                "security_groups": [],
                "self": false,
                "to_port": 22
              },
              {
                "cidr_blocks": [
                  "0.0.0.0/0"
                ],
                "description": "",
                "from_port": 80,
                "ipv6_cidr_blocks": [],
                "prefix_list_ids": [],
                "protocol": "tcp",
                "security_groups": [],
                "self": false,
                "to_port": 80
              }
            ],
            "name": "moogsg",
            "name_prefix": null,
            "owner_id": "554090252010",
            "revoke_rules_on_delete": false,
            "tags": null,
            "timeouts": null,
            "vpc_id": "vpc-5990fd21"
          },
          "private": "eyJlMmJmYjczMC1lY2FhLTExZTYtOGY4OC0zNDM2M2JjN2M0YzAiOnsiY3JlYXRlIjo2MDAwMDAwMDAwMDAsImRlbGV0ZSI6NjAwMDAwMDAwMDAwfSwic2NoZW1hX3ZlcnNpb24iOiIxIn0="
        }
      ]
    }
  ]
}
